// !$*UTF8*$!
{
	archiveVersion = 1;
	classes = {
	};
	objectVersion = 50;
	objects = {

/* Begin PBXBuildFile section */
		FF14E84C24F648F1005FDBDD /* AppDelegate.swift in Sources */ = {isa = PBXBuildFile; fileRef = FF14E84B24F648F1005FDBDD /* AppDelegate.swift */; };
		FF14E84E24F648F1005FDBDD /* SceneDelegate.swift in Sources */ = {isa = PBXBuildFile; fileRef = FF14E84D24F648F1005FDBDD /* SceneDelegate.swift */; };
		FF14E85324F648F1005FDBDD /* Main.storyboard in Resources */ = {isa = PBXBuildFile; fileRef = FF14E85124F648F1005FDBDD /* Main.storyboard */; };
		FF14E85624F648F1005FDBDD /* Covace.xcdatamodeld in Sources */ = {isa = PBXBuildFile; fileRef = FF14E85424F648F1005FDBDD /* Covace.xcdatamodeld */; };
		FF14E85824F648F3005FDBDD /* Assets.xcassets in Resources */ = {isa = PBXBuildFile; fileRef = FF14E85724F648F3005FDBDD /* Assets.xcassets */; };
		FF14E85B24F648F3005FDBDD /* LaunchScreen.storyboard in Resources */ = {isa = PBXBuildFile; fileRef = FF14E85924F648F3005FDBDD /* LaunchScreen.storyboard */; };
		FF14E86624F64938005FDBDD /* HomeViewController.swift in Sources */ = {isa = PBXBuildFile; fileRef = FF14E86524F64938005FDBDD /* HomeViewController.swift */; };
		FF14E86924F6494D005FDBDD /* TraceViewController.swift in Sources */ = {isa = PBXBuildFile; fileRef = FF14E86824F6494D005FDBDD /* TraceViewController.swift */; };
		FF14E86C24F64976005FDBDD /* HelpCenterViewController.swift in Sources */ = {isa = PBXBuildFile; fileRef = FF14E86B24F64976005FDBDD /* HelpCenterViewController.swift */; };
		FF14E87124F6498C005FDBDD /* SignUpViewController.swift in Sources */ = {isa = PBXBuildFile; fileRef = FF14E87024F6498C005FDBDD /* SignUpViewController.swift */; };
		FF14E87324F64998005FDBDD /* SignInViewController.swift in Sources */ = {isa = PBXBuildFile; fileRef = FF14E87224F64998005FDBDD /* SignInViewController.swift */; };
		FF14E87524F649A6005FDBDD /* ProfileViewController.swift in Sources */ = {isa = PBXBuildFile; fileRef = FF14E87424F649A6005FDBDD /* ProfileViewController.swift */; };
		FF14E87924F64B26005FDBDD /* Extensions.swift in Sources */ = {isa = PBXBuildFile; fileRef = FF14E87824F64B26005FDBDD /* Extensions.swift */; };
		FF14E87C24F64D64005FDBDD /* LucidaGrande.ttc in Resources */ = {isa = PBXBuildFile; fileRef = FF14E87B24F64D64005FDBDD /* LucidaGrande.ttc */; };
		FF14E87E24F6A846005FDBDD /* Service.swift in Sources */ = {isa = PBXBuildFile; fileRef = FF14E87D24F6A846005FDBDD /* Service.swift */; };
		FF14E88124F6B784005FDBDD /* ProfileImage.swift in Sources */ = {isa = PBXBuildFile; fileRef = FF14E88024F6B784005FDBDD /* ProfileImage.swift */; };
/* End PBXBuildFile section */

/* Begin PBXFileReference section */
		FF14E84824F648F1005FDBDD /* Covace.app */ = {isa = PBXFileReference; explicitFileType = wrapper.application; includeInIndex = 0; path = Covace.app; sourceTree = BUILT_PRODUCTS_DIR; };
		FF14E84B24F648F1005FDBDD /* AppDelegate.swift */ = {isa = PBXFileReference; lastKnownFileType = sourcecode.swift; path = AppDelegate.swift; sourceTree = "<group>"; };
		FF14E84D24F648F1005FDBDD /* SceneDelegate.swift */ = {isa = PBXFileReference; lastKnownFileType = sourcecode.swift; path = SceneDelegate.swift; sourceTree = "<group>"; };
		FF14E85224F648F1005FDBDD /* Base */ = {isa = PBXFileReference; lastKnownFileType = file.storyboard; name = Base; path = Base.lproj/Main.storyboard; sourceTree = "<group>"; };
		FF14E85524F648F1005FDBDD /* Covace.xcdatamodel */ = {isa = PBXFileReference; lastKnownFileType = wrapper.xcdatamodel; path = Covace.xcdatamodel; sourceTree = "<group>"; };
		FF14E85724F648F3005FDBDD /* Assets.xcassets */ = {isa = PBXFileReference; lastKnownFileType = folder.assetcatalog; path = Assets.xcassets; sourceTree = "<group>"; };
		FF14E85A24F648F3005FDBDD /* Base */ = {isa = PBXFileReference; lastKnownFileType = file.storyboard; name = Base; path = Base.lproj/LaunchScreen.storyboard; sourceTree = "<group>"; };
		FF14E85C24F648F3005FDBDD /* Info.plist */ = {isa = PBXFileReference; lastKnownFileType = text.plist.xml; path = Info.plist; sourceTree = "<group>"; };
		FF14E86524F64938005FDBDD /* HomeViewController.swift */ = {isa = PBXFileReference; lastKnownFileType = sourcecode.swift; path = HomeViewController.swift; sourceTree = "<group>"; };
		FF14E86824F6494D005FDBDD /* TraceViewController.swift */ = {isa = PBXFileReference; lastKnownFileType = sourcecode.swift; path = TraceViewController.swift; sourceTree = "<group>"; };
		FF14E86B24F64976005FDBDD /* HelpCenterViewController.swift */ = {isa = PBXFileReference; lastKnownFileType = sourcecode.swift; path = HelpCenterViewController.swift; sourceTree = "<group>"; };
		FF14E87024F6498C005FDBDD /* SignUpViewController.swift */ = {isa = PBXFileReference; lastKnownFileType = sourcecode.swift; path = SignUpViewController.swift; sourceTree = "<group>"; };
		FF14E87224F64998005FDBDD /* SignInViewController.swift */ = {isa = PBXFileReference; lastKnownFileType = sourcecode.swift; path = SignInViewController.swift; sourceTree = "<group>"; };
		FF14E87424F649A6005FDBDD /* ProfileViewController.swift */ = {isa = PBXFileReference; lastKnownFileType = sourcecode.swift; path = ProfileViewController.swift; sourceTree = "<group>"; };
		FF14E87824F64B26005FDBDD /* Extensions.swift */ = {isa = PBXFileReference; lastKnownFileType = sourcecode.swift; path = Extensions.swift; sourceTree = "<group>"; };
		FF14E87B24F64D64005FDBDD /* LucidaGrande.ttc */ = {isa = PBXFileReference; lastKnownFileType = file; path = LucidaGrande.ttc; sourceTree = "<group>"; };
		FF14E87D24F6A846005FDBDD /* Service.swift */ = {isa = PBXFileReference; lastKnownFileType = sourcecode.swift; path = Service.swift; sourceTree = "<group>"; };
		FF14E88024F6B784005FDBDD /* ProfileImage.swift */ = {isa = PBXFileReference; lastKnownFileType = sourcecode.swift; path = ProfileImage.swift; sourceTree = "<group>"; };
/* End PBXFileReference section */

/* Begin PBXFrameworksBuildPhase section */
		FF14E84524F648F1005FDBDD /* Frameworks */ = {
			isa = PBXFrameworksBuildPhase;
			buildActionMask = 2147483647;
			files = (
			);
			runOnlyForDeploymentPostprocessing = 0;
		};
/* End PBXFrameworksBuildPhase section */

/* Begin PBXGroup section */
		FF14E83F24F648F1005FDBDD = {
			isa = PBXGroup;
			children = (
				FF14E84A24F648F1005FDBDD /* Covace */,
				FF14E84924F648F1005FDBDD /* Products */,
			);
			sourceTree = "<group>";
		};
		FF14E84924F648F1005FDBDD /* Products */ = {
			isa = PBXGroup;
			children = (
				FF14E84824F648F1005FDBDD /* Covace.app */,
			);
			name = Products;
			sourceTree = "<group>";
		};
		FF14E84A24F648F1005FDBDD /* Covace */ = {
			isa = PBXGroup;
			children = (
				FF14E86424F64917005FDBDD /* Model */,
				FF14E86324F64914005FDBDD /* View */,
				FF14E86224F6490C005FDBDD /* Controller */,
				FF14E87624F64A57005FDBDD /* Utils */,
				FF14E87724F64A60005FDBDD /* Service */,
				FF14E87A24F64C9B005FDBDD /* Resources */,
				FF14E84B24F648F1005FDBDD /* AppDelegate.swift */,
				FF14E84D24F648F1005FDBDD /* SceneDelegate.swift */,
				FF14E85124F648F1005FDBDD /* Main.storyboard */,
				FF14E85724F648F3005FDBDD /* Assets.xcassets */,
				FF14E85924F648F3005FDBDD /* LaunchScreen.storyboard */,
				FF14E85C24F648F3005FDBDD /* Info.plist */,
				FF14E85424F648F1005FDBDD /* Covace.xcdatamodeld */,
			);
			path = Covace;
			sourceTree = "<group>";
		};
		FF14E86224F6490C005FDBDD /* Controller */ = {
			isa = PBXGroup;
			children = (
				FF14E86D24F64978005FDBDD /* Auth */,
				FF14E86524F64938005FDBDD /* HomeViewController.swift */,
				FF14E86824F6494D005FDBDD /* TraceViewController.swift */,
				FF14E86B24F64976005FDBDD /* HelpCenterViewController.swift */,
				FF14E87424F649A6005FDBDD /* ProfileViewController.swift */,
			);
			path = Controller;
			sourceTree = "<group>";
		};
		FF14E86324F64914005FDBDD /* View */ = {
			isa = PBXGroup;
			children = (
				FF14E88024F6B784005FDBDD /* ProfileImage.swift */,
			);
			path = View;
			sourceTree = "<group>";
		};
		FF14E86424F64917005FDBDD /* Model */ = {
			isa = PBXGroup;
			children = (
			);
			path = Model;
			sourceTree = "<group>";
		};
		FF14E86D24F64978005FDBDD /* Auth */ = {
			isa = PBXGroup;
			children = (
				FF14E87024F6498C005FDBDD /* SignUpViewController.swift */,
				FF14E87224F64998005FDBDD /* SignInViewController.swift */,
			);
			path = Auth;
			sourceTree = "<group>";
		};
		FF14E87624F64A57005FDBDD /* Utils */ = {
			isa = PBXGroup;
			children = (
				FF14E87824F64B26005FDBDD /* Extensions.swift */,
			);
			path = Utils;
			sourceTree = "<group>";
		};
		FF14E87724F64A60005FDBDD /* Service */ = {
			isa = PBXGroup;
			children = (
				FF14E87D24F6A846005FDBDD /* Service.swift */,
			);
			path = Service;
			sourceTree = "<group>";
		};
		FF14E87A24F64C9B005FDBDD /* Resources */ = {
			isa = PBXGroup;
			children = (
				FF14E87F24F6A850005FDBDD /* Fonts */,
			);
			path = Resources;
			sourceTree = "<group>";
		};
		FF14E87F24F6A850005FDBDD /* Fonts */ = {
			isa = PBXGroup;
			children = (
				FF14E87B24F64D64005FDBDD /* LucidaGrande.ttc */,
			);
			path = Fonts;
			sourceTree = "<group>";
		};
/* End PBXGroup section */

/* Begin PBXNativeTarget section */
		FF14E84724F648F1005FDBDD /* Covace */ = {
			isa = PBXNativeTarget;
			buildConfigurationList = FF14E85F24F648F3005FDBDD /* Build configuration list for PBXNativeTarget "Covace" */;
			buildPhases = (
				FF14E84424F648F1005FDBDD /* Sources */,
				FF14E84524F648F1005FDBDD /* Frameworks */,
				FF14E84624F648F1005FDBDD /* Resources */,
			);
			buildRules = (
			);
			dependencies = (
			);
			name = Covace;
			productName = Covace;
			productReference = FF14E84824F648F1005FDBDD /* Covace.app */;
			productType = "com.apple.product-type.application";
		};
/* End PBXNativeTarget section */

/* Begin PBXProject section */
		FF14E84024F648F1005FDBDD /* Project object */ = {
			isa = PBXProject;
			attributes = {
				LastSwiftUpdateCheck = 1160;
				LastUpgradeCheck = 1160;
				ORGANIZATIONNAME = "Muhammad Nobel Shidqi";
				TargetAttributes = {
					FF14E84724F648F1005FDBDD = {
						CreatedOnToolsVersion = 11.6;
					};
				};
			};
			buildConfigurationList = FF14E84324F648F1005FDBDD /* Build configuration list for PBXProject "Covace" */;
			compatibilityVersion = "Xcode 9.3";
			developmentRegion = en;
			hasScannedForEncodings = 0;
			knownRegions = (
				en,
				Base,
			);
			mainGroup = FF14E83F24F648F1005FDBDD;
			productRefGroup = FF14E84924F648F1005FDBDD /* Products */;
			projectDirPath = "";
			projectRoot = "";
			targets = (
				FF14E84724F648F1005FDBDD /* Covace */,
			);
		};
/* End PBXProject section */

/* Begin PBXResourcesBuildPhase section */
		FF14E84624F648F1005FDBDD /* Resources */ = {
			isa = PBXResourcesBuildPhase;
			buildActionMask = 2147483647;
			files = (
				FF14E87C24F64D64005FDBDD /* LucidaGrande.ttc in Resources */,
				FF14E85B24F648F3005FDBDD /* LaunchScreen.storyboard in Resources */,
				FF14E85824F648F3005FDBDD /* Assets.xcassets in Resources */,
				FF14E85324F648F1005FDBDD /* Main.storyboard in Resources */,
			);
			runOnlyForDeploymentPostprocessing = 0;
		};
/* End PBXResourcesBuildPhase section */

/* Begin PBXSourcesBuildPhase section */
		FF14E84424F648F1005FDBDD /* Sources */ = {
			isa = PBXSourcesBuildPhase;
			buildActionMask = 2147483647;
			files = (
				FF14E86C24F64976005FDBDD /* HelpCenterViewController.swift in Sources */,
				FF14E88124F6B784005FDBDD /* ProfileImage.swift in Sources */,
				FF14E87124F6498C005FDBDD /* SignUpViewController.swift in Sources */,
				FF14E85624F648F1005FDBDD /* Covace.xcdatamodeld in Sources */,
				FF14E84C24F648F1005FDBDD /* AppDelegate.swift in Sources */,
				FF14E87324F64998005FDBDD /* SignInViewController.swift in Sources */,
				FF14E87924F64B26005FDBDD /* Extensions.swift in Sources */,
				FF14E84E24F648F1005FDBDD /* SceneDelegate.swift in Sources */,
				FF14E87524F649A6005FDBDD /* ProfileViewController.swift in Sources */,
				FF14E87E24F6A846005FDBDD /* Service.swift in Sources */,
				FF14E86924F6494D005FDBDD /* TraceViewController.swift in Sources */,
				FF14E86624F64938005FDBDD /* HomeViewController.swift in Sources */,
			);
			runOnlyForDeploymentPostprocessing = 0;
		};
/* End PBXSourcesBuildPhase section */

/* Begin PBXVariantGroup section */
		FF14E85124F648F1005FDBDD /* Main.storyboard */ = {
			isa = PBXVariantGroup;
			children = (
				FF14E85224F648F1005FDBDD /* Base */,
			);
			name = Main.storyboard;
			sourceTree = "<group>";
		};
		FF14E85924F648F3005FDBDD /* LaunchScreen.storyboard */ = {
			isa = PBXVariantGroup;
			children = (
				FF14E85A24F648F3005FDBDD /* Base */,
			);
			name = LaunchScreen.storyboard;
			sourceTree = "<group>";
		};
/* End PBXVariantGroup section */

/* Begin XCBuildConfiguration section */
		FF14E85D24F648F3005FDBDD /* Debug */ = {
			isa = XCBuildConfiguration;
			buildSettings = {
				ALWAYS_SEARCH_USER_PATHS = NO;
				CLANG_ANALYZER_NONNULL = YES;
				CLANG_ANALYZER_NUMBER_OBJECT_CONVERSION = YES_AGGRESSIVE;
				CLANG_CXX_LANGUAGE_STANDARD = "gnu++14";
				CLANG_CXX_LIBRARY = "libc++";
				CLANG_ENABLE_MODULES = YES;
				CLANG_ENABLE_OBJC_ARC = YES;
				CLANG_ENABLE_OBJC_WEAK = YES;
				CLANG_WARN_BLOCK_CAPTURE_AUTORELEASING = YES;
				CLANG_WARN_BOOL_CONVERSION = YES;
				CLANG_WARN_COMMA = YES;
				CLANG_WARN_CONSTANT_CONVERSION = YES;
				CLANG_WARN_DEPRECATED_OBJC_IMPLEMENTATIONS = YES;
				CLANG_WARN_DIRECT_OBJC_ISA_USAGE = YES_ERROR;
				CLANG_WARN_DOCUMENTATION_COMMENTS = YES;
				CLANG_WARN_EMPTY_BODY = YES;
				CLANG_WARN_ENUM_CONVERSION = YES;
				CLANG_WARN_INFINITE_RECURSION = YES;
				CLANG_WARN_INT_CONVERSION = YES;
				CLANG_WARN_NON_LITERAL_NULL_CONVERSION = YES;
				CLANG_WARN_OBJC_IMPLICIT_RETAIN_SELF = YES;
				CLANG_WARN_OBJC_LITERAL_CONVERSION = YES;
				CLANG_WARN_OBJC_ROOT_CLASS = YES_ERROR;
				CLANG_WARN_RANGE_LOOP_ANALYSIS = YES;
				CLANG_WARN_STRICT_PROTOTYPES = YES;
				CLANG_WARN_SUSPICIOUS_MOVE = YES;
				CLANG_WARN_UNGUARDED_AVAILABILITY = YES_AGGRESSIVE;
				CLANG_WARN_UNREACHABLE_CODE = YES;
				CLANG_WARN__DUPLICATE_METHOD_MATCH = YES;
				COPY_PHASE_STRIP = NO;
				DEBUG_INFORMATION_FORMAT = dwarf;
				ENABLE_STRICT_OBJC_MSGSEND = YES;
				ENABLE_TESTABILITY = YES;
				GCC_C_LANGUAGE_STANDARD = gnu11;
				GCC_DYNAMIC_NO_PIC = NO;
				GCC_NO_COMMON_BLOCKS = YES;
				GCC_OPTIMIZATION_LEVEL = 0;
				GCC_PREPROCESSOR_DEFINITIONS = (
					"DEBUG=1",
					"$(inherited)",
				);
				GCC_WARN_64_TO_32_BIT_CONVERSION = YES;
				GCC_WARN_ABOUT_RETURN_TYPE = YES_ERROR;
				GCC_WARN_UNDECLARED_SELECTOR = YES;
				GCC_WARN_UNINITIALIZED_AUTOS = YES_AGGRESSIVE;
				GCC_WARN_UNUSED_FUNCTION = YES;
				GCC_WARN_UNUSED_VARIABLE = YES;
				IPHONEOS_DEPLOYMENT_TARGET = 13.6;
				MTL_ENABLE_DEBUG_INFO = INCLUDE_SOURCE;
				MTL_FAST_MATH = YES;
				ONLY_ACTIVE_ARCH = YES;
				SDKROOT = iphoneos;
				SWIFT_ACTIVE_COMPILATION_CONDITIONS = DEBUG;
				SWIFT_OPTIMIZATION_LEVEL = "-Onone";
			};
			name = Debug;
		};
		FF14E85E24F648F3005FDBDD /* Release */ = {
			isa = XCBuildConfiguration;
			buildSettings = {
				ALWAYS_SEARCH_USER_PATHS = NO;
				CLANG_ANALYZER_NONNULL = YES;
				CLANG_ANALYZER_NUMBER_OBJECT_CONVERSION = YES_AGGRESSIVE;
				CLANG_CXX_LANGUAGE_STANDARD = "gnu++14";
				CLANG_CXX_LIBRARY = "libc++";
				CLANG_ENABLE_MODULES = YES;
				CLANG_ENABLE_OBJC_ARC = YES;
				CLANG_ENABLE_OBJC_WEAK = YES;
				CLANG_WARN_BLOCK_CAPTURE_AUTORELEASING = YES;
				CLANG_WARN_BOOL_CONVERSION = YES;
				CLANG_WARN_COMMA = YES;
				CLANG_WARN_CONSTANT_CONVERSION = YES;
				CLANG_WARN_DEPRECATED_OBJC_IMPLEMENTATIONS = YES;
				CLANG_WARN_DIRECT_OBJC_ISA_USAGE = YES_ERROR;
				CLANG_WARN_DOCUMENTATION_COMMENTS = YES;
				CLANG_WARN_EMPTY_BODY = YES;
				CLANG_WARN_ENUM_CONVERSION = YES;
				CLANG_WARN_INFINITE_RECURSION = YES;
				CLANG_WARN_INT_CONVERSION = YES;
				CLANG_WARN_NON_LITERAL_NULL_CONVERSION = YES;
				CLANG_WARN_OBJC_IMPLICIT_RETAIN_SELF = YES;
				CLANG_WARN_OBJC_LITERAL_CONVERSION = YES;
				CLANG_WARN_OBJC_ROOT_CLASS = YES_ERROR;
				CLANG_WARN_RANGE_LOOP_ANALYSIS = YES;
				CLANG_WARN_STRICT_PROTOTYPES = YES;
				CLANG_WARN_SUSPICIOUS_MOVE = YES;
				CLANG_WARN_UNGUARDED_AVAILABILITY = YES_AGGRESSIVE;
				CLANG_WARN_UNREACHABLE_CODE = YES;
				CLANG_WARN__DUPLICATE_METHOD_MATCH = YES;
				COPY_PHASE_STRIP = NO;
				DEBUG_INFORMATION_FORMAT = "dwarf-with-dsym";
				ENABLE_NS_ASSERTIONS = NO;
				ENABLE_STRICT_OBJC_MSGSEND = YES;
				GCC_C_LANGUAGE_STANDARD = gnu11;
				GCC_NO_COMMON_BLOCKS = YES;
				GCC_WARN_64_TO_32_BIT_CONVERSION = YES;
				GCC_WARN_ABOUT_RETURN_TYPE = YES_ERROR;
				GCC_WARN_UNDECLARED_SELECTOR = YES;
				GCC_WARN_UNINITIALIZED_AUTOS = YES_AGGRESSIVE;
				GCC_WARN_UNUSED_FUNCTION = YES;
				GCC_WARN_UNUSED_VARIABLE = YES;
				IPHONEOS_DEPLOYMENT_TARGET = 13.6;
				MTL_ENABLE_DEBUG_INFO = NO;
				MTL_FAST_MATH = YES;
				SDKROOT = iphoneos;
				SWIFT_COMPILATION_MODE = wholemodule;
				SWIFT_OPTIMIZATION_LEVEL = "-O";
				VALIDATE_PRODUCT = YES;
			};
			name = Release;
		};
		FF14E86024F648F3005FDBDD /* Debug */ = {
			isa = XCBuildConfiguration;
			buildSettings = {
				ASSETCATALOG_COMPILER_APPICON_NAME = AppIcon;
				CODE_SIGN_STYLE = Automatic;
				DEVELOPMENT_TEAM = 8MV3PNW544;
				INFOPLIST_FILE = Covace/Info.plist;
				LD_RUNPATH_SEARCH_PATHS = (
					"$(inherited)",
					"@executable_path/Frameworks",
				);
				PRODUCT_BUNDLE_IDENTIFIER = com.mnobelsh.Covace;
				PRODUCT_NAME = "$(TARGET_NAME)";
				SWIFT_VERSION = 5.0;
				TARGETED_DEVICE_FAMILY = "1,2";
			};
			name = Debug;
		};
		FF14E86124F648F3005FDBDD /* Release */ = {
			isa = XCBuildConfiguration;
			buildSettings = {
				ASSETCATALOG_COMPILER_APPICON_NAME = AppIcon;
				CODE_SIGN_STYLE = Automatic;
				DEVELOPMENT_TEAM = 8MV3PNW544;
				INFOPLIST_FILE = Covace/Info.plist;
				LD_RUNPATH_SEARCH_PATHS = (
					"$(inherited)",
					"@executable_path/Frameworks",
				);
				PRODUCT_BUNDLE_IDENTIFIER = com.mnobelsh.Covace;
				PRODUCT_NAME = "$(TARGET_NAME)";
				SWIFT_VERSION = 5.0;
				TARGETED_DEVICE_FAMILY = "1,2";
			};
			name = Release;
		};
/* End XCBuildConfiguration section */

/* Begin XCConfigurationList section */
		FF14E84324F648F1005FDBDD /* Build configuration list for PBXProject "Covace" */ = {
			isa = XCConfigurationList;
			buildConfigurations = (
				FF14E85D24F648F3005FDBDD /* Debug */,
				FF14E85E24F648F3005FDBDD /* Release */,
			);
			defaultConfigurationIsVisible = 0;
			defaultConfigurationName = Release;
		};
		FF14E85F24F648F3005FDBDD /* Build configuration list for PBXNativeTarget "Covace" */ = {
			isa = XCConfigurationList;
			buildConfigurations = (
				FF14E86024F648F3005FDBDD /* Debug */,
				FF14E86124F648F3005FDBDD /* Release */,
			);
			defaultConfigurationIsVisible = 0;
			defaultConfigurationName = Release;
		};
/* End XCConfigurationList section */

/* Begin XCVersionGroup section */
		FF14E85424F648F1005FDBDD /* Covace.xcdatamodeld */ = {
			isa = XCVersionGroup;
			children = (
				FF14E85524F648F1005FDBDD /* Covace.xcdatamodel */,
			);
			currentVersion = FF14E85524F648F1005FDBDD /* Covace.xcdatamodel */;
			path = Covace.xcdatamodeld;
			sourceTree = "<group>";
			versionGroupType = wrapper.xcdatamodel;
		};
/* End XCVersionGroup section */
	};
	rootObject = FF14E84024F648F1005FDBDD /* Project object */;
}
